
Microsoft Visual Studio Solution File, Format Version 12.00
# Visual Studio Version 16
VisualStudioVersion = 16.0.33328.57
MinimumVisualStudioVersion = 10.0.40219.1
Project("{FAE04EC0-301F-11D3-BF4B-00C04F79EFBC}") = "WebApiSwaggerAuth2", "WebApiSwaggerAuth2\WebApiSwaggerAuth2.csproj", "{F9A1B410-CA22-42D1-8A9B-CE943E9063A8}"
EndProject
Global
	GlobalSection(SolutionConfigurationPlatforms) = preSolution
		Debug|Any CPU = Debug|Any CPU
		Release|Any CPU = Release|Any CPU
	EndGlobalSection
	GlobalSection(ProjectConfigurationPlatforms) = postSolution
		{F9A1B410-CA22-42D1-8A9B-CE943E9063A8}.Debug|Any CPU.ActiveCfg = Debug|Any CPU
		{F9A1B410-CA22-42D1-8A9B-CE943E9063A8}.Debug|Any CPU.Build.0 = Debug|Any CPU
		{F9A1B410-CA22-42D1-8A9B-CE943E9063A8}.Release|Any CPU.ActiveCfg = Release|Any CPU
		{F9A1B410-CA22-42D1-8A9B-CE943E9063A8}.Release|Any CPU.Build.0 = Release|Any CPU
	EndGlobalSection
	GlobalSection(SolutionProperties) = preSolution
		HideSolutionNode = FALSE
	EndGlobalSection
	GlobalSection(ExtensibilityGlobals) = postSolution
		SolutionGuid = {D50D19C6-CC00-4F24-BD44-D6E0D58B498D}
	EndGlobalSection
EndGlobal
